// !$*UTF8*$!
{
	archiveVersion = 1;
	classes = {
	};
	objectVersion = 50;
	objects = {

/* Begin PBXBuildFile section */
		0AD29281B189691DEC578355 /* Pods_TaskMatrix_TaskMatrixUITests.framework in Frameworks */ = {isa = PBXBuildFile; fileRef = BA86A03109F205FB53AC7899 /* Pods_TaskMatrix_TaskMatrixUITests.framework */; };
		1EEFAE22C435E723144FE8A1 /* Pods_TaskMatrix.framework in Frameworks */ = {isa = PBXBuildFile; fileRef = D36CB959D89282B219AAB73E /* Pods_TaskMatrix.framework */; };
		4584EC5A0E7B587E8F0F850B /* Pods_TaskMatrixTests.framework in Frameworks */ = {isa = PBXBuildFile; fileRef = 90B9052BBD0B4B78E753E3DA /* Pods_TaskMatrixTests.framework */; };
		F729CE0025D3D4AD001B4563 /* Matrix.storyboard in Resources */ = {isa = PBXBuildFile; fileRef = F729CDFF25D3D4AD001B4563 /* Matrix.storyboard */; };
		F729CE0525D3D4BE001B4563 /* MatrixViewController.swift in Sources */ = {isa = PBXBuildFile; fileRef = F729CE0425D3D4BE001B4563 /* MatrixViewController.swift */; };
		F729CE0A25D3D4E8001B4563 /* Root.storyboard in Resources */ = {isa = PBXBuildFile; fileRef = F729CE0925D3D4E8001B4563 /* Root.storyboard */; };
		F729CE0F25D3D5B8001B4563 /* RootViewController.swift in Sources */ = {isa = PBXBuildFile; fileRef = F729CE0E25D3D5B8001B4563 /* RootViewController.swift */; };
		F72A115C25D26059009E9151 /* RGBColor.swift in Sources */ = {isa = PBXBuildFile; fileRef = F72A115B25D26059009E9151 /* RGBColor.swift */; };
		F72A116D25D2733F009E9151 /* Detail.storyboard in Resources */ = {isa = PBXBuildFile; fileRef = F72A116C25D2733F009E9151 /* Detail.storyboard */; };
		F72A117A25D2737B009E9151 /* DetailViewController.swift in Sources */ = {isa = PBXBuildFile; fileRef = F72A117925D2737B009E9151 /* DetailViewController.swift */; };
		F778EBF625AD90DB00C51A44 /* AppDelegate.swift in Sources */ = {isa = PBXBuildFile; fileRef = F778EBF525AD90DB00C51A44 /* AppDelegate.swift */; };
		F778EBF825AD90DB00C51A44 /* SceneDelegate.swift in Sources */ = {isa = PBXBuildFile; fileRef = F778EBF725AD90DB00C51A44 /* SceneDelegate.swift */; };
		F778EBFF25AD90E000C51A44 /* Assets.xcassets in Resources */ = {isa = PBXBuildFile; fileRef = F778EBFE25AD90E000C51A44 /* Assets.xcassets */; };
		F778EC0225AD90E000C51A44 /* LaunchScreen.storyboard in Resources */ = {isa = PBXBuildFile; fileRef = F778EC0025AD90E000C51A44 /* LaunchScreen.storyboard */; };
		F778EC0D25AD90E100C51A44 /* MorningToDoTests.swift in Sources */ = {isa = PBXBuildFile; fileRef = F778EC0C25AD90E100C51A44 /* MorningToDoTests.swift */; };
		F778EC1825AD90E100C51A44 /* MorningToDoUITests.swift in Sources */ = {isa = PBXBuildFile; fileRef = F778EC1725AD90E100C51A44 /* MorningToDoUITests.swift */; };
		F77F219925AEABBA00263F61 /* ToDoList.storyboard in Resources */ = {isa = PBXBuildFile; fileRef = F77F219825AEABBA00263F61 /* ToDoList.storyboard */; };
		F77F219E25AEAE7500263F61 /* ToDoList.swift in Sources */ = {isa = PBXBuildFile; fileRef = F77F219D25AEAE7500263F61 /* ToDoList.swift */; };
		F77F21A325B41F4400263F61 /* AddTask.storyboard in Resources */ = {isa = PBXBuildFile; fileRef = F77F21A225B41F4400263F61 /* AddTask.storyboard */; };
		F77F21A825B4225100263F61 /* AddTask.swift in Sources */ = {isa = PBXBuildFile; fileRef = F77F21A725B4225100263F61 /* AddTask.swift */; };
/* End PBXBuildFile section */

/* Begin PBXContainerItemProxy section */
		F778EC0925AD90E100C51A44 /* PBXContainerItemProxy */ = {
			isa = PBXContainerItemProxy;
			containerPortal = F778EBEA25AD90DB00C51A44 /* Project object */;
			proxyType = 1;
			remoteGlobalIDString = F778EBF125AD90DB00C51A44;
			remoteInfo = MorningToDo;
		};
		F778EC1425AD90E100C51A44 /* PBXContainerItemProxy */ = {
			isa = PBXContainerItemProxy;
			containerPortal = F778EBEA25AD90DB00C51A44 /* Project object */;
			proxyType = 1;
			remoteGlobalIDString = F778EBF125AD90DB00C51A44;
			remoteInfo = MorningToDo;
		};
/* End PBXContainerItemProxy section */

/* Begin PBXFileReference section */
		027DE00DE01A3F5F9EED718B /* Pods-MorningToDo-MorningToDoUITests.release.xcconfig */ = {isa = PBXFileReference; includeInIndex = 1; lastKnownFileType = text.xcconfig; name = "Pods-MorningToDo-MorningToDoUITests.release.xcconfig"; path = "Target Support Files/Pods-MorningToDo-MorningToDoUITests/Pods-MorningToDo-MorningToDoUITests.release.xcconfig"; sourceTree = "<group>"; };
		1CAFD208A9B3FB4986B4A35C /* Pods-TaskMatrix.release.xcconfig */ = {isa = PBXFileReference; includeInIndex = 1; lastKnownFileType = text.xcconfig; name = "Pods-TaskMatrix.release.xcconfig"; path = "Target Support Files/Pods-TaskMatrix/Pods-TaskMatrix.release.xcconfig"; sourceTree = "<group>"; };
		39B4A7723DC11E895969AA95 /* Pods-MorningToDo.debug.xcconfig */ = {isa = PBXFileReference; includeInIndex = 1; lastKnownFileType = text.xcconfig; name = "Pods-MorningToDo.debug.xcconfig"; path = "Target Support Files/Pods-MorningToDo/Pods-MorningToDo.debug.xcconfig"; sourceTree = "<group>"; };
		5631E8E2388553E22FC7EAA4 /* Pods-MorningToDo.release.xcconfig */ = {isa = PBXFileReference; includeInIndex = 1; lastKnownFileType = text.xcconfig; name = "Pods-MorningToDo.release.xcconfig"; path = "Target Support Files/Pods-MorningToDo/Pods-MorningToDo.release.xcconfig"; sourceTree = "<group>"; };
		79933640D5468AC5A8C125AB /* Pods-TaskMatrixTests.release.xcconfig */ = {isa = PBXFileReference; includeInIndex = 1; lastKnownFileType = text.xcconfig; name = "Pods-TaskMatrixTests.release.xcconfig"; path = "Target Support Files/Pods-TaskMatrixTests/Pods-TaskMatrixTests.release.xcconfig"; sourceTree = "<group>"; };
		90B9052BBD0B4B78E753E3DA /* Pods_TaskMatrixTests.framework */ = {isa = PBXFileReference; explicitFileType = wrapper.framework; includeInIndex = 0; path = Pods_TaskMatrixTests.framework; sourceTree = BUILT_PRODUCTS_DIR; };
		9F83B63D57ABBD50EE428FB4 /* Pods-TaskMatrix-TaskMatrixUITests.release.xcconfig */ = {isa = PBXFileReference; includeInIndex = 1; lastKnownFileType = text.xcconfig; name = "Pods-TaskMatrix-TaskMatrixUITests.release.xcconfig"; path = "Target Support Files/Pods-TaskMatrix-TaskMatrixUITests/Pods-TaskMatrix-TaskMatrixUITests.release.xcconfig"; sourceTree = "<group>"; };
		ABF74C839C54BC3ACD40BF61 /* Pods-TaskMatrixTests.debug.xcconfig */ = {isa = PBXFileReference; includeInIndex = 1; lastKnownFileType = text.xcconfig; name = "Pods-TaskMatrixTests.debug.xcconfig"; path = "Target Support Files/Pods-TaskMatrixTests/Pods-TaskMatrixTests.debug.xcconfig"; sourceTree = "<group>"; };
		BA86A03109F205FB53AC7899 /* Pods_TaskMatrix_TaskMatrixUITests.framework */ = {isa = PBXFileReference; explicitFileType = wrapper.framework; includeInIndex = 0; path = Pods_TaskMatrix_TaskMatrixUITests.framework; sourceTree = BUILT_PRODUCTS_DIR; };
		D36CB959D89282B219AAB73E /* Pods_TaskMatrix.framework */ = {isa = PBXFileReference; explicitFileType = wrapper.framework; includeInIndex = 0; path = Pods_TaskMatrix.framework; sourceTree = BUILT_PRODUCTS_DIR; };
		E9092AB8948C8EC9B3BC4C6E /* Pods-MorningToDoTests.release.xcconfig */ = {isa = PBXFileReference; includeInIndex = 1; lastKnownFileType = text.xcconfig; name = "Pods-MorningToDoTests.release.xcconfig"; path = "Target Support Files/Pods-MorningToDoTests/Pods-MorningToDoTests.release.xcconfig"; sourceTree = "<group>"; };
		EBFE82A1574ED5351B19F992 /* Pods-MorningToDo-MorningToDoUITests.debug.xcconfig */ = {isa = PBXFileReference; includeInIndex = 1; lastKnownFileType = text.xcconfig; name = "Pods-MorningToDo-MorningToDoUITests.debug.xcconfig"; path = "Target Support Files/Pods-MorningToDo-MorningToDoUITests/Pods-MorningToDo-MorningToDoUITests.debug.xcconfig"; sourceTree = "<group>"; };
		F4C6BFE41CEFF1D0C987E324 /* Pods-TaskMatrix-TaskMatrixUITests.debug.xcconfig */ = {isa = PBXFileReference; includeInIndex = 1; lastKnownFileType = text.xcconfig; name = "Pods-TaskMatrix-TaskMatrixUITests.debug.xcconfig"; path = "Target Support Files/Pods-TaskMatrix-TaskMatrixUITests/Pods-TaskMatrix-TaskMatrixUITests.debug.xcconfig"; sourceTree = "<group>"; };
		F729CDFF25D3D4AD001B4563 /* Matrix.storyboard */ = {isa = PBXFileReference; lastKnownFileType = file.storyboard; path = Matrix.storyboard; sourceTree = "<group>"; };
		F729CE0425D3D4BE001B4563 /* MatrixViewController.swift */ = {isa = PBXFileReference; lastKnownFileType = sourcecode.swift; path = MatrixViewController.swift; sourceTree = "<group>"; };
		F729CE0925D3D4E8001B4563 /* Root.storyboard */ = {isa = PBXFileReference; lastKnownFileType = file.storyboard; path = Root.storyboard; sourceTree = "<group>"; };
		F729CE0E25D3D5B8001B4563 /* RootViewController.swift */ = {isa = PBXFileReference; lastKnownFileType = sourcecode.swift; path = RootViewController.swift; sourceTree = "<group>"; };
		F72A115B25D26059009E9151 /* RGBColor.swift */ = {isa = PBXFileReference; lastKnownFileType = sourcecode.swift; path = RGBColor.swift; sourceTree = "<group>"; };
		F72A116C25D2733F009E9151 /* Detail.storyboard */ = {isa = PBXFileReference; lastKnownFileType = file.storyboard; path = Detail.storyboard; sourceTree = "<group>"; };
		F72A117925D2737B009E9151 /* DetailViewController.swift */ = {isa = PBXFileReference; lastKnownFileType = sourcecode.swift; path = DetailViewController.swift; sourceTree = "<group>"; };
		F778EBF225AD90DB00C51A44 /* TaskMatrix.app */ = {isa = PBXFileReference; explicitFileType = wrapper.application; includeInIndex = 0; path = TaskMatrix.app; sourceTree = BUILT_PRODUCTS_DIR; };
		F778EBF525AD90DB00C51A44 /* AppDelegate.swift */ = {isa = PBXFileReference; lastKnownFileType = sourcecode.swift; path = AppDelegate.swift; sourceTree = "<group>"; };
		F778EBF725AD90DB00C51A44 /* SceneDelegate.swift */ = {isa = PBXFileReference; lastKnownFileType = sourcecode.swift; path = SceneDelegate.swift; sourceTree = "<group>"; };
		F778EBFE25AD90E000C51A44 /* Assets.xcassets */ = {isa = PBXFileReference; lastKnownFileType = folder.assetcatalog; path = Assets.xcassets; sourceTree = "<group>"; };
		F778EC0125AD90E000C51A44 /* Base */ = {isa = PBXFileReference; lastKnownFileType = file.storyboard; name = Base; path = Base.lproj/LaunchScreen.storyboard; sourceTree = "<group>"; };
		F778EC0325AD90E000C51A44 /* Info.plist */ = {isa = PBXFileReference; lastKnownFileType = text.plist.xml; path = Info.plist; sourceTree = "<group>"; };
		F778EC0825AD90E100C51A44 /* TaskMatrixTests.xctest */ = {isa = PBXFileReference; explicitFileType = wrapper.cfbundle; includeInIndex = 0; path = TaskMatrixTests.xctest; sourceTree = BUILT_PRODUCTS_DIR; };
		F778EC0C25AD90E100C51A44 /* MorningToDoTests.swift */ = {isa = PBXFileReference; lastKnownFileType = sourcecode.swift; path = MorningToDoTests.swift; sourceTree = "<group>"; };
		F778EC0E25AD90E100C51A44 /* Info.plist */ = {isa = PBXFileReference; lastKnownFileType = text.plist.xml; path = Info.plist; sourceTree = "<group>"; };
		F778EC1325AD90E100C51A44 /* TaskMatrixUITests.xctest */ = {isa = PBXFileReference; explicitFileType = wrapper.cfbundle; includeInIndex = 0; path = TaskMatrixUITests.xctest; sourceTree = BUILT_PRODUCTS_DIR; };
		F778EC1725AD90E100C51A44 /* MorningToDoUITests.swift */ = {isa = PBXFileReference; lastKnownFileType = sourcecode.swift; path = MorningToDoUITests.swift; sourceTree = "<group>"; };
		F778EC1925AD90E100C51A44 /* Info.plist */ = {isa = PBXFileReference; lastKnownFileType = text.plist.xml; path = Info.plist; sourceTree = "<group>"; };
		F77F219825AEABBA00263F61 /* ToDoList.storyboard */ = {isa = PBXFileReference; lastKnownFileType = file.storyboard; path = ToDoList.storyboard; sourceTree = "<group>"; };
		F77F219D25AEAE7500263F61 /* ToDoList.swift */ = {isa = PBXFileReference; lastKnownFileType = sourcecode.swift; path = ToDoList.swift; sourceTree = "<group>"; };
		F77F21A225B41F4400263F61 /* AddTask.storyboard */ = {isa = PBXFileReference; lastKnownFileType = file.storyboard; path = AddTask.storyboard; sourceTree = "<group>"; };
		F77F21A725B4225100263F61 /* AddTask.swift */ = {isa = PBXFileReference; lastKnownFileType = sourcecode.swift; path = AddTask.swift; sourceTree = "<group>"; };
		FBE1C0AA1CFD8725A080BA72 /* Pods-TaskMatrix.debug.xcconfig */ = {isa = PBXFileReference; includeInIndex = 1; lastKnownFileType = text.xcconfig; name = "Pods-TaskMatrix.debug.xcconfig"; path = "Target Support Files/Pods-TaskMatrix/Pods-TaskMatrix.debug.xcconfig"; sourceTree = "<group>"; };
		FC7998192A2BACEE2C1D7D91 /* Pods-MorningToDoTests.debug.xcconfig */ = {isa = PBXFileReference; includeInIndex = 1; lastKnownFileType = text.xcconfig; name = "Pods-MorningToDoTests.debug.xcconfig"; path = "Target Support Files/Pods-MorningToDoTests/Pods-MorningToDoTests.debug.xcconfig"; sourceTree = "<group>"; };
/* End PBXFileReference section */

/* Begin PBXFrameworksBuildPhase section */
		F778EBEF25AD90DB00C51A44 /* Frameworks */ = {
			isa = PBXFrameworksBuildPhase;
			buildActionMask = 2147483647;
			files = (
				1EEFAE22C435E723144FE8A1 /* Pods_TaskMatrix.framework in Frameworks */,
			);
			runOnlyForDeploymentPostprocessing = 0;
		};
		F778EC0525AD90E100C51A44 /* Frameworks */ = {
			isa = PBXFrameworksBuildPhase;
			buildActionMask = 2147483647;
			files = (
				4584EC5A0E7B587E8F0F850B /* Pods_TaskMatrixTests.framework in Frameworks */,
			);
			runOnlyForDeploymentPostprocessing = 0;
		};
		F778EC1025AD90E100C51A44 /* Frameworks */ = {
			isa = PBXFrameworksBuildPhase;
			buildActionMask = 2147483647;
			files = (
				0AD29281B189691DEC578355 /* Pods_TaskMatrix_TaskMatrixUITests.framework in Frameworks */,
			);
			runOnlyForDeploymentPostprocessing = 0;
		};
/* End PBXFrameworksBuildPhase section */

/* Begin PBXGroup section */
		7725041047910CFB26969828 /* Frameworks */ = {
			isa = PBXGroup;
			children = (
				D36CB959D89282B219AAB73E /* Pods_TaskMatrix.framework */,
				BA86A03109F205FB53AC7899 /* Pods_TaskMatrix_TaskMatrixUITests.framework */,
				90B9052BBD0B4B78E753E3DA /* Pods_TaskMatrixTests.framework */,
			);
			name = Frameworks;
			sourceTree = "<group>";
		};
		EF4F58B58B06C9610BA2DA82 /* Pods */ = {
			isa = PBXGroup;
			children = (
				39B4A7723DC11E895969AA95 /* Pods-MorningToDo.debug.xcconfig */,
				5631E8E2388553E22FC7EAA4 /* Pods-MorningToDo.release.xcconfig */,
				EBFE82A1574ED5351B19F992 /* Pods-MorningToDo-MorningToDoUITests.debug.xcconfig */,
				027DE00DE01A3F5F9EED718B /* Pods-MorningToDo-MorningToDoUITests.release.xcconfig */,
				FC7998192A2BACEE2C1D7D91 /* Pods-MorningToDoTests.debug.xcconfig */,
				E9092AB8948C8EC9B3BC4C6E /* Pods-MorningToDoTests.release.xcconfig */,
				FBE1C0AA1CFD8725A080BA72 /* Pods-TaskMatrix.debug.xcconfig */,
				1CAFD208A9B3FB4986B4A35C /* Pods-TaskMatrix.release.xcconfig */,
				F4C6BFE41CEFF1D0C987E324 /* Pods-TaskMatrix-TaskMatrixUITests.debug.xcconfig */,
				9F83B63D57ABBD50EE428FB4 /* Pods-TaskMatrix-TaskMatrixUITests.release.xcconfig */,
				ABF74C839C54BC3ACD40BF61 /* Pods-TaskMatrixTests.debug.xcconfig */,
				79933640D5468AC5A8C125AB /* Pods-TaskMatrixTests.release.xcconfig */,
			);
			path = Pods;
			sourceTree = "<group>";
		};
		F72A115A25D25FFA009E9151 /* Views */ = {
			isa = PBXGroup;
			children = (
				F72A115B25D26059009E9151 /* RGBColor.swift */,
			);
			path = Views;
			sourceTree = "<group>";
		};
		F778EBE925AD90DB00C51A44 = {
			isa = PBXGroup;
			children = (
				F778EBF425AD90DB00C51A44 /* TaskMatrix */,
				F778EC0B25AD90E100C51A44 /* TaskMatrixTests */,
				F778EC1625AD90E100C51A44 /* TaskMatrixUITests */,
				F778EBF325AD90DB00C51A44 /* Products */,
				EF4F58B58B06C9610BA2DA82 /* Pods */,
				7725041047910CFB26969828 /* Frameworks */,
			);
			sourceTree = "<group>";
		};
		F778EBF325AD90DB00C51A44 /* Products */ = {
			isa = PBXGroup;
			children = (
				F778EBF225AD90DB00C51A44 /* TaskMatrix.app */,
				F778EC0825AD90E100C51A44 /* TaskMatrixTests.xctest */,
				F778EC1325AD90E100C51A44 /* TaskMatrixUITests.xctest */,
			);
			name = Products;
			sourceTree = "<group>";
		};
		F778EBF425AD90DB00C51A44 /* TaskMatrix */ = {
			isa = PBXGroup;
			children = (
				F72A115A25D25FFA009E9151 /* Views */,
				F778EBF525AD90DB00C51A44 /* AppDelegate.swift */,
				F778EBF725AD90DB00C51A44 /* SceneDelegate.swift */,
				F778EBFE25AD90E000C51A44 /* Assets.xcassets */,
				F778EC0025AD90E000C51A44 /* LaunchScreen.storyboard */,
				F778EC0325AD90E000C51A44 /* Info.plist */,
				F77F219825AEABBA00263F61 /* ToDoList.storyboard */,
				F77F219D25AEAE7500263F61 /* ToDoList.swift */,
				F77F21A225B41F4400263F61 /* AddTask.storyboard */,
				F77F21A725B4225100263F61 /* AddTask.swift */,
				F72A116C25D2733F009E9151 /* Detail.storyboard */,
				F72A117925D2737B009E9151 /* DetailViewController.swift */,
				F729CDFF25D3D4AD001B4563 /* Matrix.storyboard */,
				F729CE0425D3D4BE001B4563 /* MatrixViewController.swift */,
				F729CE0925D3D4E8001B4563 /* Root.storyboard */,
				F729CE0E25D3D5B8001B4563 /* RootViewController.swift */,
			);
			path = TaskMatrix;
			sourceTree = "<group>";
		};
		F778EC0B25AD90E100C51A44 /* TaskMatrixTests */ = {
			isa = PBXGroup;
			children = (
				F778EC0C25AD90E100C51A44 /* MorningToDoTests.swift */,
				F778EC0E25AD90E100C51A44 /* Info.plist */,
			);
			path = TaskMatrixTests;
			sourceTree = "<group>";
		};
		F778EC1625AD90E100C51A44 /* TaskMatrixUITests */ = {
			isa = PBXGroup;
			children = (
				F778EC1725AD90E100C51A44 /* MorningToDoUITests.swift */,
				F778EC1925AD90E100C51A44 /* Info.plist */,
			);
			path = TaskMatrixUITests;
			sourceTree = "<group>";
		};
/* End PBXGroup section */

/* Begin PBXNativeTarget section */
		F778EBF125AD90DB00C51A44 /* TaskMatrix */ = {
			isa = PBXNativeTarget;
			buildConfigurationList = F778EC1C25AD90E100C51A44 /* Build configuration list for PBXNativeTarget "TaskMatrix" */;
			buildPhases = (
				7DEB2386DAC4728321EFF90D /* [CP] Check Pods Manifest.lock */,
				F778EBEE25AD90DB00C51A44 /* Sources */,
				F778EBEF25AD90DB00C51A44 /* Frameworks */,
				F778EBF025AD90DB00C51A44 /* Resources */,
			);
			buildRules = (
			);
			dependencies = (
			);
			name = TaskMatrix;
			productName = MorningToDo;
			productReference = F778EBF225AD90DB00C51A44 /* TaskMatrix.app */;
			productType = "com.apple.product-type.application";
		};
		F778EC0725AD90E100C51A44 /* TaskMatrixTests */ = {
			isa = PBXNativeTarget;
			buildConfigurationList = F778EC1F25AD90E100C51A44 /* Build configuration list for PBXNativeTarget "TaskMatrixTests" */;
			buildPhases = (
				C19ECAB77667FB26E4B5735C /* [CP] Check Pods Manifest.lock */,
				F778EC0425AD90E100C51A44 /* Sources */,
				F778EC0525AD90E100C51A44 /* Frameworks */,
				F778EC0625AD90E100C51A44 /* Resources */,
			);
			buildRules = (
			);
			dependencies = (
				F778EC0A25AD90E100C51A44 /* PBXTargetDependency */,
			);
			name = TaskMatrixTests;
			productName = MorningToDoTests;
			productReference = F778EC0825AD90E100C51A44 /* TaskMatrixTests.xctest */;
			productType = "com.apple.product-type.bundle.unit-test";
		};
		F778EC1225AD90E100C51A44 /* TaskMatrixUITests */ = {
			isa = PBXNativeTarget;
			buildConfigurationList = F778EC2225AD90E100C51A44 /* Build configuration list for PBXNativeTarget "TaskMatrixUITests" */;
			buildPhases = (
				46162924151B134F35E3DDE1 /* [CP] Check Pods Manifest.lock */,
				F778EC0F25AD90E100C51A44 /* Sources */,
				F778EC1025AD90E100C51A44 /* Frameworks */,
				F778EC1125AD90E100C51A44 /* Resources */,
			);
			buildRules = (
			);
			dependencies = (
				F778EC1525AD90E100C51A44 /* PBXTargetDependency */,
			);
			name = TaskMatrixUITests;
			productName = MorningToDoUITests;
			productReference = F778EC1325AD90E100C51A44 /* TaskMatrixUITests.xctest */;
			productType = "com.apple.product-type.bundle.ui-testing";
		};
/* End PBXNativeTarget section */

/* Begin PBXProject section */
		F778EBEA25AD90DB00C51A44 /* Project object */ = {
			isa = PBXProject;
			attributes = {
				LastSwiftUpdateCheck = 1220;
				LastUpgradeCheck = 1220;
				TargetAttributes = {
					F778EBF125AD90DB00C51A44 = {
						CreatedOnToolsVersion = 12.2;
					};
					F778EC0725AD90E100C51A44 = {
						CreatedOnToolsVersion = 12.2;
						TestTargetID = F778EBF125AD90DB00C51A44;
					};
					F778EC1225AD90E100C51A44 = {
						CreatedOnToolsVersion = 12.2;
						TestTargetID = F778EBF125AD90DB00C51A44;
					};
				};
			};
			buildConfigurationList = F778EBED25AD90DB00C51A44 /* Build configuration list for PBXProject "TaskMatrix" */;
			compatibilityVersion = "Xcode 9.3";
			developmentRegion = en;
			hasScannedForEncodings = 0;
			knownRegions = (
				en,
				Base,
			);
			mainGroup = F778EBE925AD90DB00C51A44;
			productRefGroup = F778EBF325AD90DB00C51A44 /* Products */;
			projectDirPath = "";
			projectRoot = "";
			targets = (
				F778EBF125AD90DB00C51A44 /* TaskMatrix */,
				F778EC0725AD90E100C51A44 /* TaskMatrixTests */,
				F778EC1225AD90E100C51A44 /* TaskMatrixUITests */,
			);
		};
/* End PBXProject section */

/* Begin PBXResourcesBuildPhase section */
		F778EBF025AD90DB00C51A44 /* Resources */ = {
			isa = PBXResourcesBuildPhase;
			buildActionMask = 2147483647;
			files = (
				F77F219925AEABBA00263F61 /* ToDoList.storyboard in Resources */,
				F729CE0025D3D4AD001B4563 /* Matrix.storyboard in Resources */,
				F77F21A325B41F4400263F61 /* AddTask.storyboard in Resources */,
				F778EC0225AD90E000C51A44 /* LaunchScreen.storyboard in Resources */,
				F729CE0A25D3D4E8001B4563 /* Root.storyboard in Resources */,
				F72A116D25D2733F009E9151 /* Detail.storyboard in Resources */,
				F778EBFF25AD90E000C51A44 /* Assets.xcassets in Resources */,
			);
			runOnlyForDeploymentPostprocessing = 0;
		};
		F778EC0625AD90E100C51A44 /* Resources */ = {
			isa = PBXResourcesBuildPhase;
			buildActionMask = 2147483647;
			files = (
			);
			runOnlyForDeploymentPostprocessing = 0;
		};
		F778EC1125AD90E100C51A44 /* Resources */ = {
			isa = PBXResourcesBuildPhase;
			buildActionMask = 2147483647;
			files = (
			);
			runOnlyForDeploymentPostprocessing = 0;
		};
/* End PBXResourcesBuildPhase section */

/* Begin PBXShellScriptBuildPhase section */
		46162924151B134F35E3DDE1 /* [CP] Check Pods Manifest.lock */ = {
			isa = PBXShellScriptBuildPhase;
			buildActionMask = 2147483647;
			files = (
			);
			inputFileListPaths = (
			);
			inputPaths = (
				"${PODS_PODFILE_DIR_PATH}/Podfile.lock",
				"${PODS_ROOT}/Manifest.lock",
			);
			name = "[CP] Check Pods Manifest.lock";
			outputFileListPaths = (
			);
			outputPaths = (
				"$(DERIVED_FILE_DIR)/Pods-TaskMatrix-TaskMatrixUITests-checkManifestLockResult.txt",
			);
			runOnlyForDeploymentPostprocessing = 0;
			shellPath = /bin/sh;
			shellScript = "diff \"${PODS_PODFILE_DIR_PATH}/Podfile.lock\" \"${PODS_ROOT}/Manifest.lock\" > /dev/null\nif [ $? != 0 ] ; then\n    # print error to STDERR\n    echo \"error: The sandbox is not in sync with the Podfile.lock. Run 'pod install' or update your CocoaPods installation.\" >&2\n    exit 1\nfi\n# This output is used by Xcode 'outputs' to avoid re-running this script phase.\necho \"SUCCESS\" > \"${SCRIPT_OUTPUT_FILE_0}\"\n";
			showEnvVarsInLog = 0;
		};
		7DEB2386DAC4728321EFF90D /* [CP] Check Pods Manifest.lock */ = {
			isa = PBXShellScriptBuildPhase;
			buildActionMask = 2147483647;
			files = (
			);
			inputFileListPaths = (
			);
			inputPaths = (
				"${PODS_PODFILE_DIR_PATH}/Podfile.lock",
				"${PODS_ROOT}/Manifest.lock",
			);
			name = "[CP] Check Pods Manifest.lock";
			outputFileListPaths = (
			);
			outputPaths = (
				"$(DERIVED_FILE_DIR)/Pods-TaskMatrix-checkManifestLockResult.txt",
			);
			runOnlyForDeploymentPostprocessing = 0;
			shellPath = /bin/sh;
			shellScript = "diff \"${PODS_PODFILE_DIR_PATH}/Podfile.lock\" \"${PODS_ROOT}/Manifest.lock\" > /dev/null\nif [ $? != 0 ] ; then\n    # print error to STDERR\n    echo \"error: The sandbox is not in sync with the Podfile.lock. Run 'pod install' or update your CocoaPods installation.\" >&2\n    exit 1\nfi\n# This output is used by Xcode 'outputs' to avoid re-running this script phase.\necho \"SUCCESS\" > \"${SCRIPT_OUTPUT_FILE_0}\"\n";
			showEnvVarsInLog = 0;
		};
		C19ECAB77667FB26E4B5735C /* [CP] Check Pods Manifest.lock */ = {
			isa = PBXShellScriptBuildPhase;
			buildActionMask = 2147483647;
			files = (
			);
			inputFileListPaths = (
			);
			inputPaths = (
				"${PODS_PODFILE_DIR_PATH}/Podfile.lock",
				"${PODS_ROOT}/Manifest.lock",
			);
			name = "[CP] Check Pods Manifest.lock";
			outputFileListPaths = (
			);
			outputPaths = (
				"$(DERIVED_FILE_DIR)/Pods-TaskMatrixTests-checkManifestLockResult.txt",
			);
			runOnlyForDeploymentPostprocessing = 0;
			shellPath = /bin/sh;
			shellScript = "diff \"${PODS_PODFILE_DIR_PATH}/Podfile.lock\" \"${PODS_ROOT}/Manifest.lock\" > /dev/null\nif [ $? != 0 ] ; then\n    # print error to STDERR\n    echo \"error: The sandbox is not in sync with the Podfile.lock. Run 'pod install' or update your CocoaPods installation.\" >&2\n    exit 1\nfi\n# This output is used by Xcode 'outputs' to avoid re-running this script phase.\necho \"SUCCESS\" > \"${SCRIPT_OUTPUT_FILE_0}\"\n";
			showEnvVarsInLog = 0;
		};
/* End PBXShellScriptBuildPhase section */

/* Begin PBXSourcesBuildPhase section */
		F778EBEE25AD90DB00C51A44 /* Sources */ = {
			isa = PBXSourcesBuildPhase;
			buildActionMask = 2147483647;
			files = (
				F778EBF625AD90DB00C51A44 /* AppDelegate.swift in Sources */,
				F778EBF825AD90DB00C51A44 /* SceneDelegate.swift in Sources */,
				F77F219E25AEAE7500263F61 /* ToDoList.swift in Sources */,
				F72A117A25D2737B009E9151 /* DetailViewController.swift in Sources */,
				F77F21A825B4225100263F61 /* AddTask.swift in Sources */,
				F72A115C25D26059009E9151 /* RGBColor.swift in Sources */,
				F729CE0F25D3D5B8001B4563 /* RootViewController.swift in Sources */,
				F729CE0525D3D4BE001B4563 /* MatrixViewController.swift in Sources */,
			);
			runOnlyForDeploymentPostprocessing = 0;
		};
		F778EC0425AD90E100C51A44 /* Sources */ = {
			isa = PBXSourcesBuildPhase;
			buildActionMask = 2147483647;
			files = (
				F778EC0D25AD90E100C51A44 /* MorningToDoTests.swift in Sources */,
			);
			runOnlyForDeploymentPostprocessing = 0;
		};
		F778EC0F25AD90E100C51A44 /* Sources */ = {
			isa = PBXSourcesBuildPhase;
			buildActionMask = 2147483647;
			files = (
				F778EC1825AD90E100C51A44 /* MorningToDoUITests.swift in Sources */,
			);
			runOnlyForDeploymentPostprocessing = 0;
		};
/* End PBXSourcesBuildPhase section */

/* Begin PBXTargetDependency section */
		F778EC0A25AD90E100C51A44 /* PBXTargetDependency */ = {
			isa = PBXTargetDependency;
			target = F778EBF125AD90DB00C51A44 /* TaskMatrix */;
			targetProxy = F778EC0925AD90E100C51A44 /* PBXContainerItemProxy */;
		};
		F778EC1525AD90E100C51A44 /* PBXTargetDependency */ = {
			isa = PBXTargetDependency;
			target = F778EBF125AD90DB00C51A44 /* TaskMatrix */;
			targetProxy = F778EC1425AD90E100C51A44 /* PBXContainerItemProxy */;
		};
/* End PBXTargetDependency section */

/* Begin PBXVariantGroup section */
		F778EC0025AD90E000C51A44 /* LaunchScreen.storyboard */ = {
			isa = PBXVariantGroup;
			children = (
				F778EC0125AD90E000C51A44 /* Base */,
			);
			name = LaunchScreen.storyboard;
			sourceTree = "<group>";
		};
/* End PBXVariantGroup section */

/* Begin XCBuildConfiguration section */
		F778EC1A25AD90E100C51A44 /* Debug */ = {
			isa = XCBuildConfiguration;
			buildSettings = {
				ALWAYS_SEARCH_USER_PATHS = NO;
				CLANG_ANALYZER_NONNULL = YES;
				CLANG_ANALYZER_NUMBER_OBJECT_CONVERSION = YES_AGGRESSIVE;
				CLANG_CXX_LANGUAGE_STANDARD = "gnu++14";
				CLANG_CXX_LIBRARY = "libc++";
				CLANG_ENABLE_MODULES = YES;
				CLANG_ENABLE_OBJC_ARC = YES;
				CLANG_ENABLE_OBJC_WEAK = YES;
				CLANG_WARN_BLOCK_CAPTURE_AUTORELEASING = YES;
				CLANG_WARN_BOOL_CONVERSION = YES;
				CLANG_WARN_COMMA = YES;
				CLANG_WARN_CONSTANT_CONVERSION = YES;
				CLANG_WARN_DEPRECATED_OBJC_IMPLEMENTATIONS = YES;
				CLANG_WARN_DIRECT_OBJC_ISA_USAGE = YES_ERROR;
				CLANG_WARN_DOCUMENTATION_COMMENTS = YES;
				CLANG_WARN_EMPTY_BODY = YES;
				CLANG_WARN_ENUM_CONVERSION = YES;
				CLANG_WARN_INFINITE_RECURSION = YES;
				CLANG_WARN_INT_CONVERSION = YES;
				CLANG_WARN_NON_LITERAL_NULL_CONVERSION = YES;
				CLANG_WARN_OBJC_IMPLICIT_RETAIN_SELF = YES;
				CLANG_WARN_OBJC_LITERAL_CONVERSION = YES;
				CLANG_WARN_OBJC_ROOT_CLASS = YES_ERROR;
				CLANG_WARN_QUOTED_INCLUDE_IN_FRAMEWORK_HEADER = YES;
				CLANG_WARN_RANGE_LOOP_ANALYSIS = YES;
				CLANG_WARN_STRICT_PROTOTYPES = YES;
				CLANG_WARN_SUSPICIOUS_MOVE = YES;
				CLANG_WARN_UNGUARDED_AVAILABILITY = YES_AGGRESSIVE;
				CLANG_WARN_UNREACHABLE_CODE = YES;
				CLANG_WARN__DUPLICATE_METHOD_MATCH = YES;
				COPY_PHASE_STRIP = NO;
				DEBUG_INFORMATION_FORMAT = dwarf;
				ENABLE_STRICT_OBJC_MSGSEND = YES;
				ENABLE_TESTABILITY = YES;
				GCC_C_LANGUAGE_STANDARD = gnu11;
				GCC_DYNAMIC_NO_PIC = NO;
				GCC_NO_COMMON_BLOCKS = YES;
				GCC_OPTIMIZATION_LEVEL = 0;
				GCC_PREPROCESSOR_DEFINITIONS = (
					"DEBUG=1",
					"$(inherited)",
				);
				GCC_WARN_64_TO_32_BIT_CONVERSION = YES;
				GCC_WARN_ABOUT_RETURN_TYPE = YES_ERROR;
				GCC_WARN_UNDECLARED_SELECTOR = YES;
				GCC_WARN_UNINITIALIZED_AUTOS = YES_AGGRESSIVE;
				GCC_WARN_UNUSED_FUNCTION = YES;
				GCC_WARN_UNUSED_VARIABLE = YES;
				IPHONEOS_DEPLOYMENT_TARGET = 14.2;
				MTL_ENABLE_DEBUG_INFO = INCLUDE_SOURCE;
				MTL_FAST_MATH = YES;
				ONLY_ACTIVE_ARCH = YES;
				SDKROOT = iphoneos;
				SWIFT_ACTIVE_COMPILATION_CONDITIONS = DEBUG;
				SWIFT_OPTIMIZATION_LEVEL = "-Onone";
			};
			name = Debug;
		};
		F778EC1B25AD90E100C51A44 /* Release */ = {
			isa = XCBuildConfiguration;
			buildSettings = {
				ALWAYS_SEARCH_USER_PATHS = NO;
				CLANG_ANALYZER_NONNULL = YES;
				CLANG_ANALYZER_NUMBER_OBJECT_CONVERSION = YES_AGGRESSIVE;
				CLANG_CXX_LANGUAGE_STANDARD = "gnu++14";
				CLANG_CXX_LIBRARY = "libc++";
				CLANG_ENABLE_MODULES = YES;
				CLANG_ENABLE_OBJC_ARC = YES;
				CLANG_ENABLE_OBJC_WEAK = YES;
				CLANG_WARN_BLOCK_CAPTURE_AUTORELEASING = YES;
				CLANG_WARN_BOOL_CONVERSION = YES;
				CLANG_WARN_COMMA = YES;
				CLANG_WARN_CONSTANT_CONVERSION = YES;
				CLANG_WARN_DEPRECATED_OBJC_IMPLEMENTATIONS = YES;
				CLANG_WARN_DIRECT_OBJC_ISA_USAGE = YES_ERROR;
				CLANG_WARN_DOCUMENTATION_COMMENTS = YES;
				CLANG_WARN_EMPTY_BODY = YES;
				CLANG_WARN_ENUM_CONVERSION = YES;
				CLANG_WARN_INFINITE_RECURSION = YES;
				CLANG_WARN_INT_CONVERSION = YES;
				CLANG_WARN_NON_LITERAL_NULL_CONVERSION = YES;
				CLANG_WARN_OBJC_IMPLICIT_RETAIN_SELF = YES;
				CLANG_WARN_OBJC_LITERAL_CONVERSION = YES;
				CLANG_WARN_OBJC_ROOT_CLASS = YES_ERROR;
				CLANG_WARN_QUOTED_INCLUDE_IN_FRAMEWORK_HEADER = YES;
				CLANG_WARN_RANGE_LOOP_ANALYSIS = YES;
				CLANG_WARN_STRICT_PROTOTYPES = YES;
				CLANG_WARN_SUSPICIOUS_MOVE = YES;
				CLANG_WARN_UNGUARDED_AVAILABILITY = YES_AGGRESSIVE;
				CLANG_WARN_UNREACHABLE_CODE = YES;
				CLANG_WARN__DUPLICATE_METHOD_MATCH = YES;
				COPY_PHASE_STRIP = NO;
				DEBUG_INFORMATION_FORMAT = "dwarf-with-dsym";
				ENABLE_NS_ASSERTIONS = NO;
				ENABLE_STRICT_OBJC_MSGSEND = YES;
				GCC_C_LANGUAGE_STANDARD = gnu11;
				GCC_NO_COMMON_BLOCKS = YES;
				GCC_WARN_64_TO_32_BIT_CONVERSION = YES;
				GCC_WARN_ABOUT_RETURN_TYPE = YES_ERROR;
				GCC_WARN_UNDECLARED_SELECTOR = YES;
				GCC_WARN_UNINITIALIZED_AUTOS = YES_AGGRESSIVE;
				GCC_WARN_UNUSED_FUNCTION = YES;
				GCC_WARN_UNUSED_VARIABLE = YES;
				IPHONEOS_DEPLOYMENT_TARGET = 14.2;
				MTL_ENABLE_DEBUG_INFO = NO;
				MTL_FAST_MATH = YES;
				SDKROOT = iphoneos;
				SWIFT_COMPILATION_MODE = wholemodule;
				SWIFT_OPTIMIZATION_LEVEL = "-O";
				VALIDATE_PRODUCT = YES;
			};
			name = Release;
		};
		F778EC1D25AD90E100C51A44 /* Debug */ = {
			isa = XCBuildConfiguration;
			baseConfigurationReference = FBE1C0AA1CFD8725A080BA72 /* Pods-TaskMatrix.debug.xcconfig */;
			buildSettings = {
				ASSETCATALOG_COMPILER_APPICON_NAME = AppIcon;
				ASSETCATALOG_COMPILER_GLOBAL_ACCENT_COLOR_NAME = AccentColor;
				CODE_SIGN_IDENTITY = "Apple Development";
				CODE_SIGN_STYLE = Automatic;
				DEVELOPMENT_TEAM = F2876JUFU2;
				INFOPLIST_FILE = TaskMatrix/Info.plist;
				LD_RUNPATH_SEARCH_PATHS = (
					"$(inherited)",
					"@executable_path/Frameworks",
				);
				MARKETING_VERSION = 1.0.04;
				PRODUCT_BUNDLE_IDENTIFIER = com.pacificnono.tasksmatrixApp;
				PRODUCT_NAME = TaskMatrix;
				PROVISIONING_PROFILE_SPECIFIER = "";
				SWIFT_VERSION = 5.0;
				TARGETED_DEVICE_FAMILY = 1;
			};
			name = Debug;
		};
		F778EC1E25AD90E100C51A44 /* Release */ = {
			isa = XCBuildConfiguration;
			baseConfigurationReference = 1CAFD208A9B3FB4986B4A35C /* Pods-TaskMatrix.release.xcconfig */;
			buildSettings = {
				ASSETCATALOG_COMPILER_APPICON_NAME = AppIcon;
				ASSETCATALOG_COMPILER_GLOBAL_ACCENT_COLOR_NAME = AccentColor;
				CODE_SIGN_IDENTITY = "Apple Development";
				CODE_SIGN_STYLE = Automatic;
				DEVELOPMENT_TEAM = F2876JUFU2;
				INFOPLIST_FILE = TaskMatrix/Info.plist;
				LD_RUNPATH_SEARCH_PATHS = (
					"$(inherited)",
					"@executable_path/Frameworks",
				);
				MARKETING_VERSION = 1.0.04;
				PRODUCT_BUNDLE_IDENTIFIER = com.pacificnono.tasksmatrixApp;
				PRODUCT_NAME = TaskMatrix;
				PROVISIONING_PROFILE_SPECIFIER = "";
				SWIFT_VERSION = 5.0;
				TARGETED_DEVICE_FAMILY = 1;
			};
			name = Release;
		};
		F778EC2025AD90E100C51A44 /* Debug */ = {
			isa = XCBuildConfiguration;
			baseConfigurationReference = ABF74C839C54BC3ACD40BF61 /* Pods-TaskMatrixTests.debug.xcconfig */;
			buildSettings = {
				ALWAYS_EMBED_SWIFT_STANDARD_LIBRARIES = YES;
				BUNDLE_LOADER = "$(TEST_HOST)";
				CODE_SIGN_STYLE = Automatic;
				DEVELOPMENT_TEAM = YQ87T457LP;
				INFOPLIST_FILE = TaskMatrixTests/Info.plist;
				IPHONEOS_DEPLOYMENT_TARGET = 14.2;
				LD_RUNPATH_SEARCH_PATHS = (
					"$(inherited)",
					"@executable_path/Frameworks",
					"@loader_path/Frameworks",
				);
				PRODUCT_BUNDLE_IDENTIFIER = com.pacificnono.MorningToDoTests;
				PRODUCT_NAME = TaskMatrixTests;
				SWIFT_VERSION = 5.0;
				TARGETED_DEVICE_FAMILY = "1,2";
				TEST_HOST = "$(BUILT_PRODUCTS_DIR)/MorningToDo.app/MorningToDo";
			};
			name = Debug;
		};
		F778EC2125AD90E100C51A44 /* Release */ = {
			isa = XCBuildConfiguration;
			baseConfigurationReference = 79933640D5468AC5A8C125AB /* Pods-TaskMatrixTests.release.xcconfig */;
			buildSettings = {
				ALWAYS_EMBED_SWIFT_STANDARD_LIBRARIES = YES;
				BUNDLE_LOADER = "$(TEST_HOST)";
				CODE_SIGN_STYLE = Automatic;
				DEVELOPMENT_TEAM = YQ87T457LP;
				INFOPLIST_FILE = TaskMatrixTests/Info.plist;
				IPHONEOS_DEPLOYMENT_TARGET = 14.2;
				LD_RUNPATH_SEARCH_PATHS = (
					"$(inherited)",
					"@executable_path/Frameworks",
					"@loader_path/Frameworks",
				);
				PRODUCT_BUNDLE_IDENTIFIER = com.pacificnono.MorningToDoTests;
				PRODUCT_NAME = TaskMatrixTests;
				SWIFT_VERSION = 5.0;
				TARGETED_DEVICE_FAMILY = "1,2";
				TEST_HOST = "$(BUILT_PRODUCTS_DIR)/MorningToDo.app/MorningToDo";
			};
			name = Release;
		};
		F778EC2325AD90E100C51A44 /* Debug */ = {
			isa = XCBuildConfiguration;
			baseConfigurationReference = F4C6BFE41CEFF1D0C987E324 /* Pods-TaskMatrix-TaskMatrixUITests.debug.xcconfig */;
			buildSettings = {
				ALWAYS_EMBED_SWIFT_STANDARD_LIBRARIES = YES;
				CODE_SIGN_STYLE = Automatic;
				DEVELOPMENT_TEAM = YQ87T457LP;
				INFOPLIST_FILE = TaskMatrixUITests/Info.plist;
				LD_RUNPATH_SEARCH_PATHS = (
					"$(inherited)",
					"@executable_path/Frameworks",
					"@loader_path/Frameworks",
				);
				PRODUCT_BUNDLE_IDENTIFIER = com.pacificnono.MorningToDoUITests;
				PRODUCT_MODULE_NAME = TaskMatrixUITests;
				PRODUCT_NAME = TaskMatrixUITests;
				SWIFT_VERSION = 5.0;
				TARGETED_DEVICE_FAMILY = "1,2";
				TEST_TARGET_NAME = TaskMatrix;
			};
			name = Debug;
		};
		F778EC2425AD90E100C51A44 /* Release */ = {
			isa = XCBuildConfiguration;
			baseConfigurationReference = 9F83B63D57ABBD50EE428FB4 /* Pods-TaskMatrix-TaskMatrixUITests.release.xcconfig */;
			buildSettings = {
				ALWAYS_EMBED_SWIFT_STANDARD_LIBRARIES = YES;
				CODE_SIGN_STYLE = Automatic;
				DEVELOPMENT_TEAM = YQ87T457LP;
				INFOPLIST_FILE = TaskMatrixUITests/Info.plist;
				LD_RUNPATH_SEARCH_PATHS = (
					"$(inherited)",
					"@executable_path/Frameworks",
					"@loader_path/Frameworks",
				);
				PRODUCT_BUNDLE_IDENTIFIER = com.pacificnono.MorningToDoUITests;
				PRODUCT_MODULE_NAME = TaskMatrixUITests;
				PRODUCT_NAME = TaskMatrixUITests;
				SWIFT_VERSION = 5.0;
				TARGETED_DEVICE_FAMILY = "1,2";
				TEST_TARGET_NAME = TaskMatrix;
			};
			name = Release;
		};
/* End XCBuildConfiguration section */

/* Begin XCConfigurationList section */
		F778EBED25AD90DB00C51A44 /* Build configuration list for PBXProject "TaskMatrix" */ = {
			isa = XCConfigurationList;
			buildConfigurations = (
				F778EC1A25AD90E100C51A44 /* Debug */,
				F778EC1B25AD90E100C51A44 /* Release */,
			);
			defaultConfigurationIsVisible = 0;
			defaultConfigurationName = Release;
		};
		F778EC1C25AD90E100C51A44 /* Build configuration list for PBXNativeTarget "TaskMatrix" */ = {
			isa = XCConfigurationList;
			buildConfigurations = (
				F778EC1D25AD90E100C51A44 /* Debug */,
				F778EC1E25AD90E100C51A44 /* Release */,
			);
			defaultConfigurationIsVisible = 0;
			defaultConfigurationName = Release;
		};
		F778EC1F25AD90E100C51A44 /* Build configuration list for PBXNativeTarget "TaskMatrixTests" */ = {
			isa = XCConfigurationList;
			buildConfigurations = (
				F778EC2025AD90E100C51A44 /* Debug */,
				F778EC2125AD90E100C51A44 /* Release */,
			);
			defaultConfigurationIsVisible = 0;
			defaultConfigurationName = Release;
		};
		F778EC2225AD90E100C51A44 /* Build configuration list for PBXNativeTarget "TaskMatrixUITests" */ = {
			isa = XCConfigurationList;
			buildConfigurations = (
				F778EC2325AD90E100C51A44 /* Debug */,
				F778EC2425AD90E100C51A44 /* Release */,
			);
			defaultConfigurationIsVisible = 0;
			defaultConfigurationName = Release;
		};
/* End XCConfigurationList section */
	};
	rootObject = F778EBEA25AD90DB00C51A44 /* Project object */;
}
